
Microsoft Visual Studio Solution File, Format Version 12.00
# Visual Studio 15
VisualStudioVersion = 15.0.28010.2050
MinimumVisualStudioVersion = 10.0.40219.1
Project("{9A19103F-16F7-4668-BE54-9A1E7A4F7556}") = "ClientCredntialApi", "ClientCredntialApi.csproj", "{75347E3A-18BA-4E3D-81C6-E6194A125E41}"
EndProject
Global
	GlobalSection(SolutionConfigurationPlatforms) = preSolution
		Debug|Any CPU = Debug|Any CPU
		Release|Any CPU = Release|Any CPU
	EndGlobalSection
	GlobalSection(ProjectConfigurationPlatforms) = postSolution
		{75347E3A-18BA-4E3D-81C6-E6194A125E41}.Debug|Any CPU.ActiveCfg = Debug|Any CPU
		{75347E3A-18BA-4E3D-81C6-E6194A125E41}.Debug|Any CPU.Build.0 = Debug|Any CPU
		{75347E3A-18BA-4E3D-81C6-E6194A125E41}.Release|Any CPU.ActiveCfg = Release|Any CPU
		{75347E3A-18BA-4E3D-81C6-E6194A125E41}.Release|Any CPU.Build.0 = Release|Any CPU
	EndGlobalSection
	GlobalSection(SolutionProperties) = preSolution
		HideSolutionNode = FALSE
	EndGlobalSection
	GlobalSection(ExtensibilityGlobals) = postSolution
		SolutionGuid = {DACD0B1C-379F-497B-A591-A2095D270F9F}
	EndGlobalSection
EndGlobal
